
Microsoft Visual Studio Solution File, Format Version 12.00
# Visual Studio Version 17
VisualStudioVersion = 17.0.32112.339
MinimumVisualStudioVersion = 10.0.40219.1
Project("{FAE04EC0-301F-11D3-BF4B-00C04F79EFBC}") = "Pract14", "Pract14\Pract14.csproj", "{7135EB03-97B4-41EE-AC6B-0F273EFD0FC8}"
EndProject
Global
	GlobalSection(SolutionConfigurationPlatforms) = preSolution
		Debug|Any CPU = Debug|Any CPU
		Release|Any CPU = Release|Any CPU
	EndGlobalSection
	GlobalSection(ProjectConfigurationPlatforms) = postSolution
		{7135EB03-97B4-41EE-AC6B-0F273EFD0FC8}.Debug|Any CPU.ActiveCfg = Debug|Any CPU
		{7135EB03-97B4-41EE-AC6B-0F273EFD0FC8}.Debug|Any CPU.Build.0 = Debug|Any CPU
		{7135EB03-97B4-41EE-AC6B-0F273EFD0FC8}.Release|Any CPU.ActiveCfg = Release|Any CPU
		{7135EB03-97B4-41EE-AC6B-0F273EFD0FC8}.Release|Any CPU.Build.0 = Release|Any CPU
	EndGlobalSection
	GlobalSection(SolutionProperties) = preSolution
		HideSolutionNode = FALSE
	EndGlobalSection
	GlobalSection(ExtensibilityGlobals) = postSolution
		SolutionGuid = {BB1C6AF4-7C79-4915-BCC8-36E7797A01C2}
	EndGlobalSection
EndGlobal
