
Microsoft Visual Studio Solution File, Format Version 12.00
# Visual Studio Version 17
VisualStudioVersion = 17.0.32112.339
MinimumVisualStudioVersion = 10.0.40219.1
Project("{FAE04EC0-301F-11D3-BF4B-00C04F79EFBC}") = "Pract17", "Pract17.csproj", "{3423DA56-702F-44B8-A580-11EDFC2A5052}"
EndProject
Global
	GlobalSection(SolutionConfigurationPlatforms) = preSolution
		Debug|Any CPU = Debug|Any CPU
		Release|Any CPU = Release|Any CPU
	EndGlobalSection
	GlobalSection(ProjectConfigurationPlatforms) = postSolution
		{3423DA56-702F-44B8-A580-11EDFC2A5052}.Debug|Any CPU.ActiveCfg = Debug|Any CPU
		{3423DA56-702F-44B8-A580-11EDFC2A5052}.Debug|Any CPU.Build.0 = Debug|Any CPU
		{3423DA56-702F-44B8-A580-11EDFC2A5052}.Release|Any CPU.ActiveCfg = Release|Any CPU
		{3423DA56-702F-44B8-A580-11EDFC2A5052}.Release|Any CPU.Build.0 = Release|Any CPU
	EndGlobalSection
	GlobalSection(SolutionProperties) = preSolution
		HideSolutionNode = FALSE
	EndGlobalSection
	GlobalSection(ExtensibilityGlobals) = postSolution
		SolutionGuid = {65FF44E7-C9A8-45D7-8E91-23FE00D9A07C}
	EndGlobalSection
EndGlobal
